
Microsoft Visual Studio Solution File, Format Version 12.00
# Visual Studio Version 17
VisualStudioVersion = 17.5.002.0
MinimumVisualStudioVersion = 10.0.40219.1
Project("{9A19103F-16F7-4668-BE54-9A1E7A4F7556}") = "api", "api.csproj", "{DF372559-8B80-4581-B72A-A5363D9ED8A4}"
EndProject
Global
	GlobalSection(SolutionConfigurationPlatforms) = preSolution
		Debug|Any CPU = Debug|Any CPU
		Release|Any CPU = Release|Any CPU
	EndGlobalSection
	GlobalSection(ProjectConfigurationPlatforms) = postSolution
		{DF372559-8B80-4581-B72A-A5363D9ED8A4}.Debug|Any CPU.ActiveCfg = Debug|Any CPU
		{DF372559-8B80-4581-B72A-A5363D9ED8A4}.Debug|Any CPU.Build.0 = Debug|Any CPU
		{DF372559-8B80-4581-B72A-A5363D9ED8A4}.Release|Any CPU.ActiveCfg = Release|Any CPU
		{DF372559-8B80-4581-B72A-A5363D9ED8A4}.Release|Any CPU.Build.0 = Release|Any CPU
	EndGlobalSection
	GlobalSection(SolutionProperties) = preSolution
		HideSolutionNode = FALSE
	EndGlobalSection
	GlobalSection(ExtensibilityGlobals) = postSolution
		SolutionGuid = {A7EC1BD2-F81C-45A9-B788-48B78B0F5EB8}
	EndGlobalSection
EndGlobal
